{
  "name": "define-custom-element",
  "version": "1.0.0",
  "lockfileVersion": 1,
  "requires": true,
  "dependencies": {
    "custom-util": {
      "version": "1.0.1",
      "resolved": "https://registry.npmjs.org/custom-util/-/custom-util-1.0.1.tgz",
      "integrity": "sha512-nSqX//It00E3pG8gJrCs2qK0BdcDTJ/1G96wqwUWDvytsG0ZcAsxjo0N12cQaaEHM0J3IZonIsyOmJFKZuHLuQ=="
    }
  }
}
