{
  "name": "define-custom-element",
  "version": "1.0.0",
  "lockfileVersion": 1,
  "requires": true,
  "dependencies": {
    "hyphenate": {
      "version": "0.2.4",
      "resolved": "https://registry.npmjs.org/hyphenate/-/hyphenate-0.2.4.tgz",
      "integrity": "sha512-COZPA5RLSvGJDlWrbMcKF16tKcfCaNNh63yA7QldGz6i/BVJAeYCXPQAiXUzS0y2pxY7c8VId0CPvxm2Rbisqw=="
    }
  }
}
